// !$*UTF8*$!
{
	archiveVersion = 1;
	classes = {
	};
	objectVersion = 56;
	objects = {

/* Begin PBXBuildFile section */
		F52321676BACA76DE308F254 /* Pods_Parking.framework in Frameworks */ = {isa = PBXBuildFile; fileRef = ECDCEF5443164025211B0E06 /* Pods_Parking.framework */; };
		F6089D6C2A2457AD002BE789 /* ParkingPlaceMarker.swift in Sources */ = {isa = PBXBuildFile; fileRef = F6089D6B2A2457AD002BE789 /* ParkingPlaceMarker.swift */; };
		F62BE5ED2A24A48A0060EB5E /* IconButton.swift in Sources */ = {isa = PBXBuildFile; fileRef = F62BE5EC2A24A48A0060EB5E /* IconButton.swift */; };
		F62BE5F12A25AACF0060EB5E /* CoreDataManager.swift in Sources */ = {isa = PBXBuildFile; fileRef = F62BE5F02A25AACF0060EB5E /* CoreDataManager.swift */; };
		F62BE5F52A25B9420060EB5E /* BottomSheetController.swift in Sources */ = {isa = PBXBuildFile; fileRef = F62BE5F42A25B9420060EB5E /* BottomSheetController.swift */; };
		F62BE5F72A25BDD20060EB5E /* ChargeLabel.swift in Sources */ = {isa = PBXBuildFile; fileRef = F62BE5F62A25BDD20060EB5E /* ChargeLabel.swift */; };
		F62BE5F92A2602960060EB5E /* LoadingViewController.swift in Sources */ = {isa = PBXBuildFile; fileRef = F62BE5F82A2602960060EB5E /* LoadingViewController.swift */; };
		F641FC3F2A1714B6001F08DE /* AppDelegate.swift in Sources */ = {isa = PBXBuildFile; fileRef = F641FC3E2A1714B6001F08DE /* AppDelegate.swift */; };
		F641FC412A1714B6001F08DE /* SceneDelegate.swift in Sources */ = {isa = PBXBuildFile; fileRef = F641FC402A1714B6001F08DE /* SceneDelegate.swift */; };
		F641FC432A1714B6001F08DE /* ParkingViewController.swift in Sources */ = {isa = PBXBuildFile; fileRef = F641FC422A1714B6001F08DE /* ParkingViewController.swift */; };
		F641FC482A1714B7001F08DE /* Assets.xcassets in Resources */ = {isa = PBXBuildFile; fileRef = F641FC472A1714B7001F08DE /* Assets.xcassets */; };
		F641FC4B2A1714B7001F08DE /* LaunchScreen.storyboard in Resources */ = {isa = PBXBuildFile; fileRef = F641FC492A1714B7001F08DE /* LaunchScreen.storyboard */; };
		F641FC712A1B31A0001F08DE /* Coordinate.swift in Sources */ = {isa = PBXBuildFile; fileRef = F641FC702A1B31A0001F08DE /* Coordinate.swift */; };
		F641FC772A1B31D5001F08DE /* ChargeType.swift in Sources */ = {isa = PBXBuildFile; fileRef = F641FC762A1B31D5001F08DE /* ChargeType.swift */; };
		F698FD602A2633D800F46F52 /* FavoriteViewController.swift in Sources */ = {isa = PBXBuildFile; fileRef = F698FD5F2A2633D800F46F52 /* FavoriteViewController.swift */; };
		F698FD632A26569700F46F52 /* FavoriteViewCell.swift in Sources */ = {isa = PBXBuildFile; fileRef = F698FD622A26569700F46F52 /* FavoriteViewCell.swift */; };
		F698FD662A271C7000F46F52 /* ParkingPlaces.xcdatamodeld in Sources */ = {isa = PBXBuildFile; fileRef = F698FD642A271C7000F46F52 /* ParkingPlaces.xcdatamodeld */; };
		F6AADA052A36EAE500897ED0 /* FirebaseDatabase in Frameworks */ = {isa = PBXBuildFile; productRef = F6AADA042A36EAE500897ED0 /* FirebaseDatabase */; };
		F6AADA092A36F13800897ED0 /* ParkingPlaceDTO.swift in Sources */ = {isa = PBXBuildFile; fileRef = F6AADA082A36F13800897ED0 /* ParkingPlaceDTO.swift */; };
		F6AADA0B2A370B7800897ED0 /* GoogleService-Info.plist in Resources */ = {isa = PBXBuildFile; fileRef = F6AADA0A2A370B7800897ED0 /* GoogleService-Info.plist */; };
/* End PBXBuildFile section */

/* Begin PBXFileReference section */
		773841A1FE2984B073A71F71 /* Pods-Parking.release.xcconfig */ = {isa = PBXFileReference; includeInIndex = 1; lastKnownFileType = text.xcconfig; name = "Pods-Parking.release.xcconfig"; path = "Target Support Files/Pods-Parking/Pods-Parking.release.xcconfig"; sourceTree = "<group>"; };
		BA45EB698BA221CFE2EE8CEE /* Pods-Parking.debug.xcconfig */ = {isa = PBXFileReference; includeInIndex = 1; lastKnownFileType = text.xcconfig; name = "Pods-Parking.debug.xcconfig"; path = "Target Support Files/Pods-Parking/Pods-Parking.debug.xcconfig"; sourceTree = "<group>"; };
		ECDCEF5443164025211B0E06 /* Pods_Parking.framework */ = {isa = PBXFileReference; explicitFileType = wrapper.framework; includeInIndex = 0; path = Pods_Parking.framework; sourceTree = BUILT_PRODUCTS_DIR; };
		F6089D6B2A2457AD002BE789 /* ParkingPlaceMarker.swift */ = {isa = PBXFileReference; lastKnownFileType = sourcecode.swift; path = ParkingPlaceMarker.swift; sourceTree = "<group>"; };
		F62BE5EC2A24A48A0060EB5E /* IconButton.swift */ = {isa = PBXFileReference; lastKnownFileType = sourcecode.swift; path = IconButton.swift; sourceTree = "<group>"; };
		F62BE5F02A25AACF0060EB5E /* CoreDataManager.swift */ = {isa = PBXFileReference; lastKnownFileType = sourcecode.swift; path = CoreDataManager.swift; sourceTree = "<group>"; };
		F62BE5F42A25B9420060EB5E /* BottomSheetController.swift */ = {isa = PBXFileReference; lastKnownFileType = sourcecode.swift; path = BottomSheetController.swift; sourceTree = "<group>"; };
		F62BE5F62A25BDD20060EB5E /* ChargeLabel.swift */ = {isa = PBXFileReference; lastKnownFileType = sourcecode.swift; path = ChargeLabel.swift; sourceTree = "<group>"; };
		F62BE5F82A2602960060EB5E /* LoadingViewController.swift */ = {isa = PBXFileReference; lastKnownFileType = sourcecode.swift; path = LoadingViewController.swift; sourceTree = "<group>"; };
		F641FC3B2A1714B6001F08DE /* Parking.app */ = {isa = PBXFileReference; explicitFileType = wrapper.application; includeInIndex = 0; path = Parking.app; sourceTree = BUILT_PRODUCTS_DIR; };
		F641FC3E2A1714B6001F08DE /* AppDelegate.swift */ = {isa = PBXFileReference; lastKnownFileType = sourcecode.swift; path = AppDelegate.swift; sourceTree = "<group>"; };
		F641FC402A1714B6001F08DE /* SceneDelegate.swift */ = {isa = PBXFileReference; lastKnownFileType = sourcecode.swift; path = SceneDelegate.swift; sourceTree = "<group>"; };
		F641FC422A1714B6001F08DE /* ParkingViewController.swift */ = {isa = PBXFileReference; lastKnownFileType = sourcecode.swift; path = ParkingViewController.swift; sourceTree = "<group>"; };
		F641FC472A1714B7001F08DE /* Assets.xcassets */ = {isa = PBXFileReference; lastKnownFileType = folder.assetcatalog; path = Assets.xcassets; sourceTree = "<group>"; };
		F641FC4A2A1714B7001F08DE /* Base */ = {isa = PBXFileReference; lastKnownFileType = file.storyboard; name = Base; path = Base.lproj/LaunchScreen.storyboard; sourceTree = "<group>"; };
		F641FC4C2A1714B7001F08DE /* Info.plist */ = {isa = PBXFileReference; lastKnownFileType = text.plist.xml; path = Info.plist; sourceTree = "<group>"; };
		F641FC522A173541001F08DE /* APIKeys.xcconfig */ = {isa = PBXFileReference; lastKnownFileType = text.xcconfig; path = APIKeys.xcconfig; sourceTree = "<group>"; };
		F641FC702A1B31A0001F08DE /* Coordinate.swift */ = {isa = PBXFileReference; lastKnownFileType = sourcecode.swift; path = Coordinate.swift; sourceTree = "<group>"; };
		F641FC762A1B31D5001F08DE /* ChargeType.swift */ = {isa = PBXFileReference; lastKnownFileType = sourcecode.swift; path = ChargeType.swift; sourceTree = "<group>"; };
		F698FD5F2A2633D800F46F52 /* FavoriteViewController.swift */ = {isa = PBXFileReference; lastKnownFileType = sourcecode.swift; path = FavoriteViewController.swift; sourceTree = "<group>"; };
		F698FD622A26569700F46F52 /* FavoriteViewCell.swift */ = {isa = PBXFileReference; lastKnownFileType = sourcecode.swift; path = FavoriteViewCell.swift; sourceTree = "<group>"; };
		F698FD652A271C7000F46F52 /* ParkingPlaces.xcdatamodel */ = {isa = PBXFileReference; lastKnownFileType = wrapper.xcdatamodel; path = ParkingPlaces.xcdatamodel; sourceTree = "<group>"; };
		F6AADA082A36F13800897ED0 /* ParkingPlaceDTO.swift */ = {isa = PBXFileReference; lastKnownFileType = sourcecode.swift; path = ParkingPlaceDTO.swift; sourceTree = "<group>"; };
		F6AADA0A2A370B7800897ED0 /* GoogleService-Info.plist */ = {isa = PBXFileReference; fileEncoding = 4; lastKnownFileType = text.plist.xml; path = "GoogleService-Info.plist"; sourceTree = "<group>"; };
/* End PBXFileReference section */

/* Begin PBXFrameworksBuildPhase section */
		F641FC382A1714B6001F08DE /* Frameworks */ = {
			isa = PBXFrameworksBuildPhase;
			buildActionMask = 2147483647;
			files = (
				F6AADA052A36EAE500897ED0 /* FirebaseDatabase in Frameworks */,
				F52321676BACA76DE308F254 /* Pods_Parking.framework in Frameworks */,
			);
			runOnlyForDeploymentPostprocessing = 0;
		};
/* End PBXFrameworksBuildPhase section */

/* Begin PBXGroup section */
		BD91AC15CE98C48F5A644B17 /* Frameworks */ = {
			isa = PBXGroup;
			children = (
				ECDCEF5443164025211B0E06 /* Pods_Parking.framework */,
			);
			name = Frameworks;
			sourceTree = "<group>";
		};
		F6089D6A2A245781002BE789 /* View */ = {
			isa = PBXGroup;
			children = (
				F62BE5F62A25BDD20060EB5E /* ChargeLabel.swift */,
				F6089D6B2A2457AD002BE789 /* ParkingPlaceMarker.swift */,
				F62BE5EC2A24A48A0060EB5E /* IconButton.swift */,
				F698FD622A26569700F46F52 /* FavoriteViewCell.swift */,
			);
			path = View;
			sourceTree = "<group>";
		};
		F641FC322A1714B6001F08DE = {
			isa = PBXGroup;
			children = (
				F641FC3D2A1714B6001F08DE /* Parking */,
				F641FC3C2A1714B6001F08DE /* Products */,
				FEA8349D5923511AF5BD1D10 /* Pods */,
				BD91AC15CE98C48F5A644B17 /* Frameworks */,
			);
			sourceTree = "<group>";
		};
		F641FC3C2A1714B6001F08DE /* Products */ = {
			isa = PBXGroup;
			children = (
				F641FC3B2A1714B6001F08DE /* Parking.app */,
			);
			name = Products;
			sourceTree = "<group>";
		};
		F641FC3D2A1714B6001F08DE /* Parking */ = {
			isa = PBXGroup;
			children = (
				F641FC3E2A1714B6001F08DE /* AppDelegate.swift */,
				F641FC402A1714B6001F08DE /* SceneDelegate.swift */,
				F68EF0F82A20924E00DA0768 /* CoreData */,
				F698FD612A2633FE00F46F52 /* ViewController */,
				F6089D6A2A245781002BE789 /* View */,
				F641FC6D2A1B3137001F08DE /* Model */,
				F641FC472A1714B7001F08DE /* Assets.xcassets */,
				F641FC492A1714B7001F08DE /* LaunchScreen.storyboard */,
				F641FC4C2A1714B7001F08DE /* Info.plist */,
				F6AADA0A2A370B7800897ED0 /* GoogleService-Info.plist */,
				F641FC522A173541001F08DE /* APIKeys.xcconfig */,
				F62BE5F02A25AACF0060EB5E /* CoreDataManager.swift */,
			);
			path = Parking;
			sourceTree = "<group>";
		};
		F641FC6D2A1B3137001F08DE /* Model */ = {
			isa = PBXGroup;
			children = (
				F6AADA082A36F13800897ED0 /* ParkingPlaceDTO.swift */,
				F641FC702A1B31A0001F08DE /* Coordinate.swift */,
				F641FC762A1B31D5001F08DE /* ChargeType.swift */,
			);
			path = Model;
			sourceTree = "<group>";
		};
		F68EF0F82A20924E00DA0768 /* CoreData */ = {
			isa = PBXGroup;
			children = (
				F698FD642A271C7000F46F52 /* ParkingPlaces.xcdatamodeld */,
			);
			path = CoreData;
			sourceTree = "<group>";
		};
		F698FD612A2633FE00F46F52 /* ViewController */ = {
			isa = PBXGroup;
			children = (
				F641FC422A1714B6001F08DE /* ParkingViewController.swift */,
				F62BE5F82A2602960060EB5E /* LoadingViewController.swift */,
				F62BE5F42A25B9420060EB5E /* BottomSheetController.swift */,
				F698FD5F2A2633D800F46F52 /* FavoriteViewController.swift */,
			);
			path = ViewController;
			sourceTree = "<group>";
		};
		FEA8349D5923511AF5BD1D10 /* Pods */ = {
			isa = PBXGroup;
			children = (
				BA45EB698BA221CFE2EE8CEE /* Pods-Parking.debug.xcconfig */,
				773841A1FE2984B073A71F71 /* Pods-Parking.release.xcconfig */,
			);
			path = Pods;
			sourceTree = "<group>";
		};
/* End PBXGroup section */

/* Begin PBXNativeTarget section */
		F641FC3A2A1714B6001F08DE /* Parking */ = {
			isa = PBXNativeTarget;
			buildConfigurationList = F641FC4F2A1714B7001F08DE /* Build configuration list for PBXNativeTarget "Parking" */;
			buildPhases = (
				4A04778849523D4C2F893446 /* [CP] Check Pods Manifest.lock */,
				F641FC372A1714B6001F08DE /* Sources */,
				F641FC382A1714B6001F08DE /* Frameworks */,
				F641FC392A1714B6001F08DE /* Resources */,
				1787F63D4E89376D1051AB42 /* [CP] Embed Pods Frameworks */,
			);
			buildRules = (
			);
			dependencies = (
			);
			name = Parking;
			packageProductDependencies = (
				F6AADA042A36EAE500897ED0 /* FirebaseDatabase */,
			);
			productName = Parking;
			productReference = F641FC3B2A1714B6001F08DE /* Parking.app */;
			productType = "com.apple.product-type.application";
		};
/* End PBXNativeTarget section */

/* Begin PBXProject section */
		F641FC332A1714B6001F08DE /* Project object */ = {
			isa = PBXProject;
			attributes = {
				BuildIndependentTargetsInParallel = 1;
				LastSwiftUpdateCheck = 1430;
				LastUpgradeCheck = 1430;
				TargetAttributes = {
					F641FC3A2A1714B6001F08DE = {
						CreatedOnToolsVersion = 14.3;
					};
				};
			};
			buildConfigurationList = F641FC362A1714B6001F08DE /* Build configuration list for PBXProject "Parking" */;
			compatibilityVersion = "Xcode 14.0";
			developmentRegion = en;
			hasScannedForEncodings = 0;
			knownRegions = (
				en,
				Base,
			);
			mainGroup = F641FC322A1714B6001F08DE;
			packageReferences = (
				F6AADA032A36EAE500897ED0 /* XCRemoteSwiftPackageReference "firebase-ios-sdk" */,
			);
			productRefGroup = F641FC3C2A1714B6001F08DE /* Products */;
			projectDirPath = "";
			projectRoot = "";
			targets = (
				F641FC3A2A1714B6001F08DE /* Parking */,
			);
		};
/* End PBXProject section */

/* Begin PBXResourcesBuildPhase section */
		F641FC392A1714B6001F08DE /* Resources */ = {
			isa = PBXResourcesBuildPhase;
			buildActionMask = 2147483647;
			files = (
				F641FC4B2A1714B7001F08DE /* LaunchScreen.storyboard in Resources */,
				F6AADA0B2A370B7800897ED0 /* GoogleService-Info.plist in Resources */,
				F641FC482A1714B7001F08DE /* Assets.xcassets in Resources */,
			);
			runOnlyForDeploymentPostprocessing = 0;
		};
/* End PBXResourcesBuildPhase section */

/* Begin PBXShellScriptBuildPhase section */
		1787F63D4E89376D1051AB42 /* [CP] Embed Pods Frameworks */ = {
			isa = PBXShellScriptBuildPhase;
			buildActionMask = 2147483647;
			files = (
			);
			inputFileListPaths = (
				"${PODS_ROOT}/Target Support Files/Pods-Parking/Pods-Parking-frameworks-${CONFIGURATION}-input-files.xcfilelist",
			);
			name = "[CP] Embed Pods Frameworks";
			outputFileListPaths = (
				"${PODS_ROOT}/Target Support Files/Pods-Parking/Pods-Parking-frameworks-${CONFIGURATION}-output-files.xcfilelist",
			);
			runOnlyForDeploymentPostprocessing = 0;
			shellPath = /bin/sh;
			shellScript = "\"${PODS_ROOT}/Target Support Files/Pods-Parking/Pods-Parking-frameworks.sh\"\n";
			showEnvVarsInLog = 0;
		};
		4A04778849523D4C2F893446 /* [CP] Check Pods Manifest.lock */ = {
			isa = PBXShellScriptBuildPhase;
			buildActionMask = 2147483647;
			files = (
			);
			inputFileListPaths = (
			);
			inputPaths = (
				"${PODS_PODFILE_DIR_PATH}/Podfile.lock",
				"${PODS_ROOT}/Manifest.lock",
			);
			name = "[CP] Check Pods Manifest.lock";
			outputFileListPaths = (
			);
			outputPaths = (
				"$(DERIVED_FILE_DIR)/Pods-Parking-checkManifestLockResult.txt",
			);
			runOnlyForDeploymentPostprocessing = 0;
			shellPath = /bin/sh;
			shellScript = "diff \"${PODS_PODFILE_DIR_PATH}/Podfile.lock\" \"${PODS_ROOT}/Manifest.lock\" > /dev/null\nif [ $? != 0 ] ; then\n    # print error to STDERR\n    echo \"error: The sandbox is not in sync with the Podfile.lock. Run 'pod install' or update your CocoaPods installation.\" >&2\n    exit 1\nfi\n# This output is used by Xcode 'outputs' to avoid re-running this script phase.\necho \"SUCCESS\" > \"${SCRIPT_OUTPUT_FILE_0}\"\n";
			showEnvVarsInLog = 0;
		};
/* End PBXShellScriptBuildPhase section */

/* Begin PBXSourcesBuildPhase section */
		F641FC372A1714B6001F08DE /* Sources */ = {
			isa = PBXSourcesBuildPhase;
			buildActionMask = 2147483647;
			files = (
				F62BE5F72A25BDD20060EB5E /* ChargeLabel.swift in Sources */,
				F6AADA092A36F13800897ED0 /* ParkingPlaceDTO.swift in Sources */,
				F641FC432A1714B6001F08DE /* ParkingViewController.swift in Sources */,
				F62BE5F52A25B9420060EB5E /* BottomSheetController.swift in Sources */,
				F6089D6C2A2457AD002BE789 /* ParkingPlaceMarker.swift in Sources */,
				F641FC712A1B31A0001F08DE /* Coordinate.swift in Sources */,
				F698FD662A271C7000F46F52 /* ParkingPlaces.xcdatamodeld in Sources */,
				F62BE5F12A25AACF0060EB5E /* CoreDataManager.swift in Sources */,
				F698FD602A2633D800F46F52 /* FavoriteViewController.swift in Sources */,
				F62BE5ED2A24A48A0060EB5E /* IconButton.swift in Sources */,
				F641FC3F2A1714B6001F08DE /* AppDelegate.swift in Sources */,
				F641FC772A1B31D5001F08DE /* ChargeType.swift in Sources */,
				F698FD632A26569700F46F52 /* FavoriteViewCell.swift in Sources */,
				F62BE5F92A2602960060EB5E /* LoadingViewController.swift in Sources */,
				F641FC412A1714B6001F08DE /* SceneDelegate.swift in Sources */,
			);
			runOnlyForDeploymentPostprocessing = 0;
		};
/* End PBXSourcesBuildPhase section */

/* Begin PBXVariantGroup section */
		F641FC492A1714B7001F08DE /* LaunchScreen.storyboard */ = {
			isa = PBXVariantGroup;
			children = (
				F641FC4A2A1714B7001F08DE /* Base */,
			);
			name = LaunchScreen.storyboard;
			sourceTree = "<group>";
		};
/* End PBXVariantGroup section */

/* Begin XCBuildConfiguration section */
		F641FC4D2A1714B7001F08DE /* Debug */ = {
			isa = XCBuildConfiguration;
			baseConfigurationReference = F641FC522A173541001F08DE /* APIKeys.xcconfig */;
			buildSettings = {
				ALWAYS_SEARCH_USER_PATHS = NO;
				CLANG_ANALYZER_NONNULL = YES;
				CLANG_ANALYZER_NUMBER_OBJECT_CONVERSION = YES_AGGRESSIVE;
				CLANG_CXX_LANGUAGE_STANDARD = "gnu++20";
				CLANG_ENABLE_MODULES = YES;
				CLANG_ENABLE_OBJC_ARC = YES;
				CLANG_ENABLE_OBJC_WEAK = YES;
				CLANG_WARN_BLOCK_CAPTURE_AUTORELEASING = YES;
				CLANG_WARN_BOOL_CONVERSION = YES;
				CLANG_WARN_COMMA = YES;
				CLANG_WARN_CONSTANT_CONVERSION = YES;
				CLANG_WARN_DEPRECATED_OBJC_IMPLEMENTATIONS = YES;
				CLANG_WARN_DIRECT_OBJC_ISA_USAGE = YES_ERROR;
				CLANG_WARN_DOCUMENTATION_COMMENTS = YES;
				CLANG_WARN_EMPTY_BODY = YES;
				CLANG_WARN_ENUM_CONVERSION = YES;
				CLANG_WARN_INFINITE_RECURSION = YES;
				CLANG_WARN_INT_CONVERSION = YES;
				CLANG_WARN_NON_LITERAL_NULL_CONVERSION = YES;
				CLANG_WARN_OBJC_IMPLICIT_RETAIN_SELF = YES;
				CLANG_WARN_OBJC_LITERAL_CONVERSION = YES;
				CLANG_WARN_OBJC_ROOT_CLASS = YES_ERROR;
				CLANG_WARN_QUOTED_INCLUDE_IN_FRAMEWORK_HEADER = YES;
				CLANG_WARN_RANGE_LOOP_ANALYSIS = YES;
				CLANG_WARN_STRICT_PROTOTYPES = YES;
				CLANG_WARN_SUSPICIOUS_MOVE = YES;
				CLANG_WARN_UNGUARDED_AVAILABILITY = YES_AGGRESSIVE;
				CLANG_WARN_UNREACHABLE_CODE = YES;
				CLANG_WARN__DUPLICATE_METHOD_MATCH = YES;
				COPY_PHASE_STRIP = NO;
				DEBUG_INFORMATION_FORMAT = dwarf;
				ENABLE_STRICT_OBJC_MSGSEND = YES;
				ENABLE_TESTABILITY = YES;
				GCC_C_LANGUAGE_STANDARD = gnu11;
				GCC_DYNAMIC_NO_PIC = NO;
				GCC_NO_COMMON_BLOCKS = YES;
				GCC_OPTIMIZATION_LEVEL = 0;
				GCC_PREPROCESSOR_DEFINITIONS = (
					"DEBUG=1",
					"$(inherited)",
				);
				GCC_WARN_64_TO_32_BIT_CONVERSION = YES;
				GCC_WARN_ABOUT_RETURN_TYPE = YES_ERROR;
				GCC_WARN_UNDECLARED_SELECTOR = YES;
				GCC_WARN_UNINITIALIZED_AUTOS = YES_AGGRESSIVE;
				GCC_WARN_UNUSED_FUNCTION = YES;
				GCC_WARN_UNUSED_VARIABLE = YES;
				IPHONEOS_DEPLOYMENT_TARGET = 16.0;
				MTL_ENABLE_DEBUG_INFO = INCLUDE_SOURCE;
				MTL_FAST_MATH = YES;
				ONLY_ACTIVE_ARCH = YES;
				SDKROOT = iphoneos;
				SWIFT_ACTIVE_COMPILATION_CONDITIONS = DEBUG;
				SWIFT_OPTIMIZATION_LEVEL = "-Onone";
			};
			name = Debug;
		};
		F641FC4E2A1714B7001F08DE /* Release */ = {
			isa = XCBuildConfiguration;
			baseConfigurationReference = F641FC522A173541001F08DE /* APIKeys.xcconfig */;
			buildSettings = {
				ALWAYS_SEARCH_USER_PATHS = NO;
				CLANG_ANALYZER_NONNULL = YES;
				CLANG_ANALYZER_NUMBER_OBJECT_CONVERSION = YES_AGGRESSIVE;
				CLANG_CXX_LANGUAGE_STANDARD = "gnu++20";
				CLANG_ENABLE_MODULES = YES;
				CLANG_ENABLE_OBJC_ARC = YES;
				CLANG_ENABLE_OBJC_WEAK = YES;
				CLANG_WARN_BLOCK_CAPTURE_AUTORELEASING = YES;
				CLANG_WARN_BOOL_CONVERSION = YES;
				CLANG_WARN_COMMA = YES;
				CLANG_WARN_CONSTANT_CONVERSION = YES;
				CLANG_WARN_DEPRECATED_OBJC_IMPLEMENTATIONS = YES;
				CLANG_WARN_DIRECT_OBJC_ISA_USAGE = YES_ERROR;
				CLANG_WARN_DOCUMENTATION_COMMENTS = YES;
				CLANG_WARN_EMPTY_BODY = YES;
				CLANG_WARN_ENUM_CONVERSION = YES;
				CLANG_WARN_INFINITE_RECURSION = YES;
				CLANG_WARN_INT_CONVERSION = YES;
				CLANG_WARN_NON_LITERAL_NULL_CONVERSION = YES;
				CLANG_WARN_OBJC_IMPLICIT_RETAIN_SELF = YES;
				CLANG_WARN_OBJC_LITERAL_CONVERSION = YES;
				CLANG_WARN_OBJC_ROOT_CLASS = YES_ERROR;
				CLANG_WARN_QUOTED_INCLUDE_IN_FRAMEWORK_HEADER = YES;
				CLANG_WARN_RANGE_LOOP_ANALYSIS = YES;
				CLANG_WARN_STRICT_PROTOTYPES = YES;
				CLANG_WARN_SUSPICIOUS_MOVE = YES;
				CLANG_WARN_UNGUARDED_AVAILABILITY = YES_AGGRESSIVE;
				CLANG_WARN_UNREACHABLE_CODE = YES;
				CLANG_WARN__DUPLICATE_METHOD_MATCH = YES;
				COPY_PHASE_STRIP = NO;
				DEBUG_INFORMATION_FORMAT = "dwarf-with-dsym";
				ENABLE_NS_ASSERTIONS = NO;
				ENABLE_STRICT_OBJC_MSGSEND = YES;
				GCC_C_LANGUAGE_STANDARD = gnu11;
				GCC_NO_COMMON_BLOCKS = YES;
				GCC_WARN_64_TO_32_BIT_CONVERSION = YES;
				GCC_WARN_ABOUT_RETURN_TYPE = YES_ERROR;
				GCC_WARN_UNDECLARED_SELECTOR = YES;
				GCC_WARN_UNINITIALIZED_AUTOS = YES_AGGRESSIVE;
				GCC_WARN_UNUSED_FUNCTION = YES;
				GCC_WARN_UNUSED_VARIABLE = YES;
				IPHONEOS_DEPLOYMENT_TARGET = 16.0;
				MTL_ENABLE_DEBUG_INFO = NO;
				MTL_FAST_MATH = YES;
				SDKROOT = iphoneos;
				SWIFT_COMPILATION_MODE = wholemodule;
				SWIFT_OPTIMIZATION_LEVEL = "-O";
				VALIDATE_PRODUCT = YES;
			};
			name = Release;
		};
		F641FC502A1714B7001F08DE /* Debug */ = {
			isa = XCBuildConfiguration;
			baseConfigurationReference = BA45EB698BA221CFE2EE8CEE /* Pods-Parking.debug.xcconfig */;
			buildSettings = {
				ASSETCATALOG_COMPILER_APPICON_NAME = AppIcon;
				ASSETCATALOG_COMPILER_GLOBAL_ACCENT_COLOR_NAME = AccentColor;
				CODE_SIGN_STYLE = Automatic;
				CURRENT_PROJECT_VERSION = 1;
				DEVELOPMENT_TEAM = UGA9SV6W29;
				GENERATE_INFOPLIST_FILE = YES;
				INFOPLIST_FILE = Parking/Info.plist;
				INFOPLIST_KEY_NSLocationWhenInUseUsageDescription = "사용자의 위치 정보를 받고 싶습니다";
				INFOPLIST_KEY_UILaunchStoryboardName = LaunchScreen;
				INFOPLIST_KEY_UISupportedInterfaceOrientations_iPad = "UIInterfaceOrientationPortrait UIInterfaceOrientationPortraitUpsideDown UIInterfaceOrientationLandscapeLeft UIInterfaceOrientationLandscapeRight";
				INFOPLIST_KEY_UISupportedInterfaceOrientations_iPhone = "UIInterfaceOrientationPortrait UIInterfaceOrientationLandscapeLeft UIInterfaceOrientationLandscapeRight";
				IPHONEOS_DEPLOYMENT_TARGET = 16.0;
				LD_RUNPATH_SEARCH_PATHS = (
					"$(inherited)",
					"@executable_path/Frameworks",
				);
				MARKETING_VERSION = 1.0;
				PRODUCT_BUNDLE_IDENTIFIER = ooj.Parking;
				PRODUCT_NAME = "$(TARGET_NAME)";
				SWIFT_EMIT_LOC_STRINGS = YES;
				SWIFT_VERSION = 5.0;
				TARGETED_DEVICE_FAMILY = "1,2";
			};
			name = Debug;
		};
		F641FC512A1714B7001F08DE /* Release */ = {
			isa = XCBuildConfiguration;
			baseConfigurationReference = 773841A1FE2984B073A71F71 /* Pods-Parking.release.xcconfig */;
			buildSettings = {
				ASSETCATALOG_COMPILER_APPICON_NAME = AppIcon;
				ASSETCATALOG_COMPILER_GLOBAL_ACCENT_COLOR_NAME = AccentColor;
				CODE_SIGN_STYLE = Automatic;
				CURRENT_PROJECT_VERSION = 1;
				DEVELOPMENT_TEAM = UGA9SV6W29;
				GENERATE_INFOPLIST_FILE = YES;
				INFOPLIST_FILE = Parking/Info.plist;
				INFOPLIST_KEY_NSLocationWhenInUseUsageDescription = "사용자의 위치 정보를 받고 싶습니다";
				INFOPLIST_KEY_UILaunchStoryboardName = LaunchScreen;
				INFOPLIST_KEY_UISupportedInterfaceOrientations_iPad = "UIInterfaceOrientationPortrait UIInterfaceOrientationPortraitUpsideDown UIInterfaceOrientationLandscapeLeft UIInterfaceOrientationLandscapeRight";
				INFOPLIST_KEY_UISupportedInterfaceOrientations_iPhone = "UIInterfaceOrientationPortrait UIInterfaceOrientationLandscapeLeft UIInterfaceOrientationLandscapeRight";
				IPHONEOS_DEPLOYMENT_TARGET = 16.0;
				LD_RUNPATH_SEARCH_PATHS = (
					"$(inherited)",
					"@executable_path/Frameworks",
				);
				MARKETING_VERSION = 1.0;
				PRODUCT_BUNDLE_IDENTIFIER = ooj.Parking;
				PRODUCT_NAME = "$(TARGET_NAME)";
				SWIFT_EMIT_LOC_STRINGS = YES;
				SWIFT_VERSION = 5.0;
				TARGETED_DEVICE_FAMILY = "1,2";
			};
			name = Release;
		};
/* End XCBuildConfiguration section */

/* Begin XCConfigurationList section */
		F641FC362A1714B6001F08DE /* Build configuration list for PBXProject "Parking" */ = {
			isa = XCConfigurationList;
			buildConfigurations = (
				F641FC4D2A1714B7001F08DE /* Debug */,
				F641FC4E2A1714B7001F08DE /* Release */,
			);
			defaultConfigurationIsVisible = 0;
			defaultConfigurationName = Release;
		};
		F641FC4F2A1714B7001F08DE /* Build configuration list for PBXNativeTarget "Parking" */ = {
			isa = XCConfigurationList;
			buildConfigurations = (
				F641FC502A1714B7001F08DE /* Debug */,
				F641FC512A1714B7001F08DE /* Release */,
			);
			defaultConfigurationIsVisible = 0;
			defaultConfigurationName = Release;
		};
/* End XCConfigurationList section */

/* Begin XCRemoteSwiftPackageReference section */
		F6AADA032A36EAE500897ED0 /* XCRemoteSwiftPackageReference "firebase-ios-sdk" */ = {
			isa = XCRemoteSwiftPackageReference;
			repositoryURL = "https://github.com/firebase/firebase-ios-sdk";
			requirement = {
				kind = upToNextMajorVersion;
				minimumVersion = 10.0.0;
			};
		};
/* End XCRemoteSwiftPackageReference section */

/* Begin XCSwiftPackageProductDependency section */
		F6AADA042A36EAE500897ED0 /* FirebaseDatabase */ = {
			isa = XCSwiftPackageProductDependency;
			package = F6AADA032A36EAE500897ED0 /* XCRemoteSwiftPackageReference "firebase-ios-sdk" */;
			productName = FirebaseDatabase;
		};
/* End XCSwiftPackageProductDependency section */

/* Begin XCVersionGroup section */
		F698FD642A271C7000F46F52 /* ParkingPlaces.xcdatamodeld */ = {
			isa = XCVersionGroup;
			children = (
				F698FD652A271C7000F46F52 /* ParkingPlaces.xcdatamodel */,
			);
			currentVersion = F698FD652A271C7000F46F52 /* ParkingPlaces.xcdatamodel */;
			path = ParkingPlaces.xcdatamodeld;
			sourceTree = "<group>";
			versionGroupType = wrapper.xcdatamodel;
		};
/* End XCVersionGroup section */
	};
	rootObject = F641FC332A1714B6001F08DE /* Project object */;
}
