// !$*UTF8*$!
{
	archiveVersion = 1;
	classes = {
	};
	objectVersion = 56;
	objects = {

/* Begin PBXBuildFile section */
		F52321676BACA76DE308F254 /* Pods_Parking.framework in Frameworks */ = {isa = PBXBuildFile; fileRef = ECDCEF5443164025211B0E06 /* Pods_Parking.framework */; };
		F641FC3F2A1714B6001F08DE /* AppDelegate.swift in Sources */ = {isa = PBXBuildFile; fileRef = F641FC3E2A1714B6001F08DE /* AppDelegate.swift */; };
		F641FC412A1714B6001F08DE /* SceneDelegate.swift in Sources */ = {isa = PBXBuildFile; fileRef = F641FC402A1714B6001F08DE /* SceneDelegate.swift */; };
		F641FC432A1714B6001F08DE /* ParkingViewController.swift in Sources */ = {isa = PBXBuildFile; fileRef = F641FC422A1714B6001F08DE /* ParkingViewController.swift */; };
		F641FC482A1714B7001F08DE /* Assets.xcassets in Resources */ = {isa = PBXBuildFile; fileRef = F641FC472A1714B7001F08DE /* Assets.xcassets */; };
		F641FC4B2A1714B7001F08DE /* LaunchScreen.storyboard in Resources */ = {isa = PBXBuildFile; fileRef = F641FC492A1714B7001F08DE /* LaunchScreen.storyboard */; };
		F641FC562A173EB9001F08DE /* EndPoint.swift in Sources */ = {isa = PBXBuildFile; fileRef = F641FC552A173EB9001F08DE /* EndPoint.swift */; };
		F641FC592A17657C001F08DE /* HTTPMethod.swift in Sources */ = {isa = PBXBuildFile; fileRef = F641FC582A17657C001F08DE /* HTTPMethod.swift */; };
		F641FC5B2A176595001F08DE /* APICallable.swift in Sources */ = {isa = PBXBuildFile; fileRef = F641FC5A2A176595001F08DE /* APICallable.swift */; };
		F641FC5D2A176628001F08DE /* NetworkError.swift in Sources */ = {isa = PBXBuildFile; fileRef = F641FC5C2A176628001F08DE /* NetworkError.swift */; };
		F641FC5F2A176E1A001F08DE /* ParkingPlaceAPI.swift in Sources */ = {isa = PBXBuildFile; fileRef = F641FC5E2A176E1A001F08DE /* ParkingPlaceAPI.swift */; };
		F641FC612A19015E001F08DE /* NetworkRouter.swift in Sources */ = {isa = PBXBuildFile; fileRef = F641FC602A19015E001F08DE /* NetworkRouter.swift */; };
		F641FC632A190F1A001F08DE /* ParkingPlaceDTO.swift in Sources */ = {isa = PBXBuildFile; fileRef = F641FC622A190F1A001F08DE /* ParkingPlaceDTO.swift */; };
		F641FC652A19100A001F08DE /* ParkingPlaceResultDTO.swift in Sources */ = {isa = PBXBuildFile; fileRef = F641FC642A19100A001F08DE /* ParkingPlaceResultDTO.swift */; };
		F641FC682A19109A001F08DE /* ParkingPlaceHeaderDTO.swift in Sources */ = {isa = PBXBuildFile; fileRef = F641FC672A19109A001F08DE /* ParkingPlaceHeaderDTO.swift */; };
		F641FC6A2A19113B001F08DE /* ParkingPlaceBodyDTO.swift in Sources */ = {isa = PBXBuildFile; fileRef = F641FC692A19113B001F08DE /* ParkingPlaceBodyDTO.swift */; };
		F641FC6C2A1911CD001F08DE /* ParkingPlaceItemDTO.swift in Sources */ = {isa = PBXBuildFile; fileRef = F641FC6B2A1911CD001F08DE /* ParkingPlaceItemDTO.swift */; };
		F641FC6F2A1B3149001F08DE /* ParkingPlace.swift in Sources */ = {isa = PBXBuildFile; fileRef = F641FC6E2A1B3149001F08DE /* ParkingPlace.swift */; };
		F641FC712A1B31A0001F08DE /* Coordinate.swift in Sources */ = {isa = PBXBuildFile; fileRef = F641FC702A1B31A0001F08DE /* Coordinate.swift */; };
		F641FC732A1B31B3001F08DE /* OperatingTime.swift in Sources */ = {isa = PBXBuildFile; fileRef = F641FC722A1B31B3001F08DE /* OperatingTime.swift */; };
		F641FC752A1B31C2001F08DE /* TimeTable.swift in Sources */ = {isa = PBXBuildFile; fileRef = F641FC742A1B31C2001F08DE /* TimeTable.swift */; };
		F641FC772A1B31D5001F08DE /* ChargeType.swift in Sources */ = {isa = PBXBuildFile; fileRef = F641FC762A1B31D5001F08DE /* ChargeType.swift */; };
		F641FC792A1B31E9001F08DE /* ParkingPlaceCharge.swift in Sources */ = {isa = PBXBuildFile; fileRef = F641FC782A1B31E9001F08DE /* ParkingPlaceCharge.swift */; };
		F641FC7B2A1B3200001F08DE /* ChargeInformation.swift in Sources */ = {isa = PBXBuildFile; fileRef = F641FC7A2A1B3200001F08DE /* ChargeInformation.swift */; };
		F641FC812A1B457A001F08DE /* ParkingPlaceAPIError.swift in Sources */ = {isa = PBXBuildFile; fileRef = F641FC802A1B457A001F08DE /* ParkingPlaceAPIError.swift */; };
/* End PBXBuildFile section */

/* Begin PBXFileReference section */
		773841A1FE2984B073A71F71 /* Pods-Parking.release.xcconfig */ = {isa = PBXFileReference; includeInIndex = 1; lastKnownFileType = text.xcconfig; name = "Pods-Parking.release.xcconfig"; path = "Target Support Files/Pods-Parking/Pods-Parking.release.xcconfig"; sourceTree = "<group>"; };
		BA45EB698BA221CFE2EE8CEE /* Pods-Parking.debug.xcconfig */ = {isa = PBXFileReference; includeInIndex = 1; lastKnownFileType = text.xcconfig; name = "Pods-Parking.debug.xcconfig"; path = "Target Support Files/Pods-Parking/Pods-Parking.debug.xcconfig"; sourceTree = "<group>"; };
		ECDCEF5443164025211B0E06 /* Pods_Parking.framework */ = {isa = PBXFileReference; explicitFileType = wrapper.framework; includeInIndex = 0; path = Pods_Parking.framework; sourceTree = BUILT_PRODUCTS_DIR; };
		F641FC3B2A1714B6001F08DE /* Parking.app */ = {isa = PBXFileReference; explicitFileType = wrapper.application; includeInIndex = 0; path = Parking.app; sourceTree = BUILT_PRODUCTS_DIR; };
		F641FC3E2A1714B6001F08DE /* AppDelegate.swift */ = {isa = PBXFileReference; lastKnownFileType = sourcecode.swift; path = AppDelegate.swift; sourceTree = "<group>"; };
		F641FC402A1714B6001F08DE /* SceneDelegate.swift */ = {isa = PBXFileReference; lastKnownFileType = sourcecode.swift; path = SceneDelegate.swift; sourceTree = "<group>"; };
		F641FC422A1714B6001F08DE /* ParkingViewController.swift */ = {isa = PBXFileReference; lastKnownFileType = sourcecode.swift; path = ParkingViewController.swift; sourceTree = "<group>"; };
		F641FC472A1714B7001F08DE /* Assets.xcassets */ = {isa = PBXFileReference; lastKnownFileType = folder.assetcatalog; path = Assets.xcassets; sourceTree = "<group>"; };
		F641FC4A2A1714B7001F08DE /* Base */ = {isa = PBXFileReference; lastKnownFileType = file.storyboard; name = Base; path = Base.lproj/LaunchScreen.storyboard; sourceTree = "<group>"; };
		F641FC4C2A1714B7001F08DE /* Info.plist */ = {isa = PBXFileReference; lastKnownFileType = text.plist.xml; path = Info.plist; sourceTree = "<group>"; };
		F641FC522A173541001F08DE /* APIKeys.xcconfig */ = {isa = PBXFileReference; lastKnownFileType = text.xcconfig; path = APIKeys.xcconfig; sourceTree = "<group>"; };
		F641FC552A173EB9001F08DE /* EndPoint.swift */ = {isa = PBXFileReference; lastKnownFileType = sourcecode.swift; path = EndPoint.swift; sourceTree = "<group>"; };
		F641FC582A17657C001F08DE /* HTTPMethod.swift */ = {isa = PBXFileReference; lastKnownFileType = sourcecode.swift; path = HTTPMethod.swift; sourceTree = "<group>"; };
		F641FC5A2A176595001F08DE /* APICallable.swift */ = {isa = PBXFileReference; lastKnownFileType = sourcecode.swift; path = APICallable.swift; sourceTree = "<group>"; };
		F641FC5C2A176628001F08DE /* NetworkError.swift */ = {isa = PBXFileReference; lastKnownFileType = sourcecode.swift; path = NetworkError.swift; sourceTree = "<group>"; };
		F641FC5E2A176E1A001F08DE /* ParkingPlaceAPI.swift */ = {isa = PBXFileReference; lastKnownFileType = sourcecode.swift; path = ParkingPlaceAPI.swift; sourceTree = "<group>"; };
		F641FC602A19015E001F08DE /* NetworkRouter.swift */ = {isa = PBXFileReference; lastKnownFileType = sourcecode.swift; path = NetworkRouter.swift; sourceTree = "<group>"; };
		F641FC622A190F1A001F08DE /* ParkingPlaceDTO.swift */ = {isa = PBXFileReference; lastKnownFileType = sourcecode.swift; path = ParkingPlaceDTO.swift; sourceTree = "<group>"; };
		F641FC642A19100A001F08DE /* ParkingPlaceResultDTO.swift */ = {isa = PBXFileReference; lastKnownFileType = sourcecode.swift; path = ParkingPlaceResultDTO.swift; sourceTree = "<group>"; };
		F641FC672A19109A001F08DE /* ParkingPlaceHeaderDTO.swift */ = {isa = PBXFileReference; lastKnownFileType = sourcecode.swift; path = ParkingPlaceHeaderDTO.swift; sourceTree = "<group>"; };
		F641FC692A19113B001F08DE /* ParkingPlaceBodyDTO.swift */ = {isa = PBXFileReference; lastKnownFileType = sourcecode.swift; path = ParkingPlaceBodyDTO.swift; sourceTree = "<group>"; };
		F641FC6B2A1911CD001F08DE /* ParkingPlaceItemDTO.swift */ = {isa = PBXFileReference; lastKnownFileType = sourcecode.swift; path = ParkingPlaceItemDTO.swift; sourceTree = "<group>"; };
		F641FC6E2A1B3149001F08DE /* ParkingPlace.swift */ = {isa = PBXFileReference; lastKnownFileType = sourcecode.swift; path = ParkingPlace.swift; sourceTree = "<group>"; };
		F641FC702A1B31A0001F08DE /* Coordinate.swift */ = {isa = PBXFileReference; lastKnownFileType = sourcecode.swift; path = Coordinate.swift; sourceTree = "<group>"; };
		F641FC722A1B31B3001F08DE /* OperatingTime.swift */ = {isa = PBXFileReference; lastKnownFileType = sourcecode.swift; path = OperatingTime.swift; sourceTree = "<group>"; };
		F641FC742A1B31C2001F08DE /* TimeTable.swift */ = {isa = PBXFileReference; lastKnownFileType = sourcecode.swift; path = TimeTable.swift; sourceTree = "<group>"; };
		F641FC762A1B31D5001F08DE /* ChargeType.swift */ = {isa = PBXFileReference; lastKnownFileType = sourcecode.swift; path = ChargeType.swift; sourceTree = "<group>"; };
		F641FC782A1B31E9001F08DE /* ParkingPlaceCharge.swift */ = {isa = PBXFileReference; lastKnownFileType = sourcecode.swift; path = ParkingPlaceCharge.swift; sourceTree = "<group>"; };
		F641FC7A2A1B3200001F08DE /* ChargeInformation.swift */ = {isa = PBXFileReference; lastKnownFileType = sourcecode.swift; path = ChargeInformation.swift; sourceTree = "<group>"; };
		F641FC802A1B457A001F08DE /* ParkingPlaceAPIError.swift */ = {isa = PBXFileReference; lastKnownFileType = sourcecode.swift; path = ParkingPlaceAPIError.swift; sourceTree = "<group>"; };
/* End PBXFileReference section */

/* Begin PBXFrameworksBuildPhase section */
		F641FC382A1714B6001F08DE /* Frameworks */ = {
			isa = PBXFrameworksBuildPhase;
			buildActionMask = 2147483647;
			files = (
				F52321676BACA76DE308F254 /* Pods_Parking.framework in Frameworks */,
			);
			runOnlyForDeploymentPostprocessing = 0;
		};
/* End PBXFrameworksBuildPhase section */

/* Begin PBXGroup section */
		BD91AC15CE98C48F5A644B17 /* Frameworks */ = {
			isa = PBXGroup;
			children = (
				ECDCEF5443164025211B0E06 /* Pods_Parking.framework */,
			);
			name = Frameworks;
			sourceTree = "<group>";
		};
		F641FC322A1714B6001F08DE = {
			isa = PBXGroup;
			children = (
				F641FC3D2A1714B6001F08DE /* Parking */,
				F641FC3C2A1714B6001F08DE /* Products */,
				FEA8349D5923511AF5BD1D10 /* Pods */,
				BD91AC15CE98C48F5A644B17 /* Frameworks */,
			);
			sourceTree = "<group>";
		};
		F641FC3C2A1714B6001F08DE /* Products */ = {
			isa = PBXGroup;
			children = (
				F641FC3B2A1714B6001F08DE /* Parking.app */,
			);
			name = Products;
			sourceTree = "<group>";
		};
		F641FC3D2A1714B6001F08DE /* Parking */ = {
			isa = PBXGroup;
			children = (
				F641FC3E2A1714B6001F08DE /* AppDelegate.swift */,
				F641FC402A1714B6001F08DE /* SceneDelegate.swift */,
				F641FC422A1714B6001F08DE /* ParkingViewController.swift */,
				F641FC572A176562001F08DE /* Network */,
				F641FC6D2A1B3137001F08DE /* Model */,
				F641FC662A191016001F08DE /* ParkingPlaceDTO */,
				F641FC472A1714B7001F08DE /* Assets.xcassets */,
				F641FC492A1714B7001F08DE /* LaunchScreen.storyboard */,
				F641FC4C2A1714B7001F08DE /* Info.plist */,
				F641FC522A173541001F08DE /* APIKeys.xcconfig */,
			);
			path = Parking;
			sourceTree = "<group>";
		};
		F641FC572A176562001F08DE /* Network */ = {
			isa = PBXGroup;
			children = (
				F641FC552A173EB9001F08DE /* EndPoint.swift */,
				F641FC5E2A176E1A001F08DE /* ParkingPlaceAPI.swift */,
				F641FC802A1B457A001F08DE /* ParkingPlaceAPIError.swift */,
				F641FC5A2A176595001F08DE /* APICallable.swift */,
				F641FC582A17657C001F08DE /* HTTPMethod.swift */,
				F641FC602A19015E001F08DE /* NetworkRouter.swift */,
				F641FC5C2A176628001F08DE /* NetworkError.swift */,
			);
			path = Network;
			sourceTree = "<group>";
		};
		F641FC662A191016001F08DE /* ParkingPlaceDTO */ = {
			isa = PBXGroup;
			children = (
				F641FC622A190F1A001F08DE /* ParkingPlaceDTO.swift */,
				F641FC642A19100A001F08DE /* ParkingPlaceResultDTO.swift */,
				F641FC672A19109A001F08DE /* ParkingPlaceHeaderDTO.swift */,
				F641FC692A19113B001F08DE /* ParkingPlaceBodyDTO.swift */,
				F641FC6B2A1911CD001F08DE /* ParkingPlaceItemDTO.swift */,
			);
			path = ParkingPlaceDTO;
			sourceTree = "<group>";
		};
		F641FC6D2A1B3137001F08DE /* Model */ = {
			isa = PBXGroup;
			children = (
				F641FC6E2A1B3149001F08DE /* ParkingPlace.swift */,
				F641FC702A1B31A0001F08DE /* Coordinate.swift */,
				F641FC722A1B31B3001F08DE /* OperatingTime.swift */,
				F641FC742A1B31C2001F08DE /* TimeTable.swift */,
				F641FC782A1B31E9001F08DE /* ParkingPlaceCharge.swift */,
				F641FC762A1B31D5001F08DE /* ChargeType.swift */,
				F641FC7A2A1B3200001F08DE /* ChargeInformation.swift */,
			);
			path = Model;
			sourceTree = "<group>";
		};
		FEA8349D5923511AF5BD1D10 /* Pods */ = {
			isa = PBXGroup;
			children = (
				BA45EB698BA221CFE2EE8CEE /* Pods-Parking.debug.xcconfig */,
				773841A1FE2984B073A71F71 /* Pods-Parking.release.xcconfig */,
			);
			path = Pods;
			sourceTree = "<group>";
		};
/* End PBXGroup section */

/* Begin PBXNativeTarget section */
		F641FC3A2A1714B6001F08DE /* Parking */ = {
			isa = PBXNativeTarget;
			buildConfigurationList = F641FC4F2A1714B7001F08DE /* Build configuration list for PBXNativeTarget "Parking" */;
			buildPhases = (
				4A04778849523D4C2F893446 /* [CP] Check Pods Manifest.lock */,
				F641FC372A1714B6001F08DE /* Sources */,
				F641FC382A1714B6001F08DE /* Frameworks */,
				F641FC392A1714B6001F08DE /* Resources */,
				1787F63D4E89376D1051AB42 /* [CP] Embed Pods Frameworks */,
			);
			buildRules = (
			);
			dependencies = (
			);
			name = Parking;
			productName = Parking;
			productReference = F641FC3B2A1714B6001F08DE /* Parking.app */;
			productType = "com.apple.product-type.application";
		};
/* End PBXNativeTarget section */

/* Begin PBXProject section */
		F641FC332A1714B6001F08DE /* Project object */ = {
			isa = PBXProject;
			attributes = {
				BuildIndependentTargetsInParallel = 1;
				LastSwiftUpdateCheck = 1430;
				LastUpgradeCheck = 1430;
				TargetAttributes = {
					F641FC3A2A1714B6001F08DE = {
						CreatedOnToolsVersion = 14.3;
					};
				};
			};
			buildConfigurationList = F641FC362A1714B6001F08DE /* Build configuration list for PBXProject "Parking" */;
			compatibilityVersion = "Xcode 14.0";
			developmentRegion = en;
			hasScannedForEncodings = 0;
			knownRegions = (
				en,
				Base,
			);
			mainGroup = F641FC322A1714B6001F08DE;
			productRefGroup = F641FC3C2A1714B6001F08DE /* Products */;
			projectDirPath = "";
			projectRoot = "";
			targets = (
				F641FC3A2A1714B6001F08DE /* Parking */,
			);
		};
/* End PBXProject section */

/* Begin PBXResourcesBuildPhase section */
		F641FC392A1714B6001F08DE /* Resources */ = {
			isa = PBXResourcesBuildPhase;
			buildActionMask = 2147483647;
			files = (
				F641FC4B2A1714B7001F08DE /* LaunchScreen.storyboard in Resources */,
				F641FC482A1714B7001F08DE /* Assets.xcassets in Resources */,
			);
			runOnlyForDeploymentPostprocessing = 0;
		};
/* End PBXResourcesBuildPhase section */

/* Begin PBXShellScriptBuildPhase section */
		1787F63D4E89376D1051AB42 /* [CP] Embed Pods Frameworks */ = {
			isa = PBXShellScriptBuildPhase;
			buildActionMask = 2147483647;
			files = (
			);
			inputFileListPaths = (
				"${PODS_ROOT}/Target Support Files/Pods-Parking/Pods-Parking-frameworks-${CONFIGURATION}-input-files.xcfilelist",
			);
			name = "[CP] Embed Pods Frameworks";
			outputFileListPaths = (
				"${PODS_ROOT}/Target Support Files/Pods-Parking/Pods-Parking-frameworks-${CONFIGURATION}-output-files.xcfilelist",
			);
			runOnlyForDeploymentPostprocessing = 0;
			shellPath = /bin/sh;
			shellScript = "\"${PODS_ROOT}/Target Support Files/Pods-Parking/Pods-Parking-frameworks.sh\"\n";
			showEnvVarsInLog = 0;
		};
		4A04778849523D4C2F893446 /* [CP] Check Pods Manifest.lock */ = {
			isa = PBXShellScriptBuildPhase;
			buildActionMask = 2147483647;
			files = (
			);
			inputFileListPaths = (
			);
			inputPaths = (
				"${PODS_PODFILE_DIR_PATH}/Podfile.lock",
				"${PODS_ROOT}/Manifest.lock",
			);
			name = "[CP] Check Pods Manifest.lock";
			outputFileListPaths = (
			);
			outputPaths = (
				"$(DERIVED_FILE_DIR)/Pods-Parking-checkManifestLockResult.txt",
			);
			runOnlyForDeploymentPostprocessing = 0;
			shellPath = /bin/sh;
			shellScript = "diff \"${PODS_PODFILE_DIR_PATH}/Podfile.lock\" \"${PODS_ROOT}/Manifest.lock\" > /dev/null\nif [ $? != 0 ] ; then\n    # print error to STDERR\n    echo \"error: The sandbox is not in sync with the Podfile.lock. Run 'pod install' or update your CocoaPods installation.\" >&2\n    exit 1\nfi\n# This output is used by Xcode 'outputs' to avoid re-running this script phase.\necho \"SUCCESS\" > \"${SCRIPT_OUTPUT_FILE_0}\"\n";
			showEnvVarsInLog = 0;
		};
/* End PBXShellScriptBuildPhase section */

/* Begin PBXSourcesBuildPhase section */
		F641FC372A1714B6001F08DE /* Sources */ = {
			isa = PBXSourcesBuildPhase;
			buildActionMask = 2147483647;
			files = (
				F641FC432A1714B6001F08DE /* ParkingViewController.swift in Sources */,
				F641FC5D2A176628001F08DE /* NetworkError.swift in Sources */,
				F641FC732A1B31B3001F08DE /* OperatingTime.swift in Sources */,
				F641FC652A19100A001F08DE /* ParkingPlaceResultDTO.swift in Sources */,
				F641FC712A1B31A0001F08DE /* Coordinate.swift in Sources */,
				F641FC6F2A1B3149001F08DE /* ParkingPlace.swift in Sources */,
				F641FC6A2A19113B001F08DE /* ParkingPlaceBodyDTO.swift in Sources */,
				F641FC3F2A1714B6001F08DE /* AppDelegate.swift in Sources */,
				F641FC5F2A176E1A001F08DE /* ParkingPlaceAPI.swift in Sources */,
				F641FC5B2A176595001F08DE /* APICallable.swift in Sources */,
				F641FC792A1B31E9001F08DE /* ParkingPlaceCharge.swift in Sources */,
				F641FC772A1B31D5001F08DE /* ChargeType.swift in Sources */,
				F641FC562A173EB9001F08DE /* EndPoint.swift in Sources */,
				F641FC682A19109A001F08DE /* ParkingPlaceHeaderDTO.swift in Sources */,
				F641FC592A17657C001F08DE /* HTTPMethod.swift in Sources */,
				F641FC7B2A1B3200001F08DE /* ChargeInformation.swift in Sources */,
				F641FC812A1B457A001F08DE /* ParkingPlaceAPIError.swift in Sources */,
				F641FC752A1B31C2001F08DE /* TimeTable.swift in Sources */,
				F641FC412A1714B6001F08DE /* SceneDelegate.swift in Sources */,
				F641FC632A190F1A001F08DE /* ParkingPlaceDTO.swift in Sources */,
				F641FC612A19015E001F08DE /* NetworkRouter.swift in Sources */,
				F641FC6C2A1911CD001F08DE /* ParkingPlaceItemDTO.swift in Sources */,
			);
			runOnlyForDeploymentPostprocessing = 0;
		};
/* End PBXSourcesBuildPhase section */

/* Begin PBXVariantGroup section */
		F641FC492A1714B7001F08DE /* LaunchScreen.storyboard */ = {
			isa = PBXVariantGroup;
			children = (
				F641FC4A2A1714B7001F08DE /* Base */,
			);
			name = LaunchScreen.storyboard;
			sourceTree = "<group>";
		};
/* End PBXVariantGroup section */

/* Begin XCBuildConfiguration section */
		F641FC4D2A1714B7001F08DE /* Debug */ = {
			isa = XCBuildConfiguration;
			baseConfigurationReference = F641FC522A173541001F08DE /* APIKeys.xcconfig */;
			buildSettings = {
				ALWAYS_SEARCH_USER_PATHS = NO;
				CLANG_ANALYZER_NONNULL = YES;
				CLANG_ANALYZER_NUMBER_OBJECT_CONVERSION = YES_AGGRESSIVE;
				CLANG_CXX_LANGUAGE_STANDARD = "gnu++20";
				CLANG_ENABLE_MODULES = YES;
				CLANG_ENABLE_OBJC_ARC = YES;
				CLANG_ENABLE_OBJC_WEAK = YES;
				CLANG_WARN_BLOCK_CAPTURE_AUTORELEASING = YES;
				CLANG_WARN_BOOL_CONVERSION = YES;
				CLANG_WARN_COMMA = YES;
				CLANG_WARN_CONSTANT_CONVERSION = YES;
				CLANG_WARN_DEPRECATED_OBJC_IMPLEMENTATIONS = YES;
				CLANG_WARN_DIRECT_OBJC_ISA_USAGE = YES_ERROR;
				CLANG_WARN_DOCUMENTATION_COMMENTS = YES;
				CLANG_WARN_EMPTY_BODY = YES;
				CLANG_WARN_ENUM_CONVERSION = YES;
				CLANG_WARN_INFINITE_RECURSION = YES;
				CLANG_WARN_INT_CONVERSION = YES;
				CLANG_WARN_NON_LITERAL_NULL_CONVERSION = YES;
				CLANG_WARN_OBJC_IMPLICIT_RETAIN_SELF = YES;
				CLANG_WARN_OBJC_LITERAL_CONVERSION = YES;
				CLANG_WARN_OBJC_ROOT_CLASS = YES_ERROR;
				CLANG_WARN_QUOTED_INCLUDE_IN_FRAMEWORK_HEADER = YES;
				CLANG_WARN_RANGE_LOOP_ANALYSIS = YES;
				CLANG_WARN_STRICT_PROTOTYPES = YES;
				CLANG_WARN_SUSPICIOUS_MOVE = YES;
				CLANG_WARN_UNGUARDED_AVAILABILITY = YES_AGGRESSIVE;
				CLANG_WARN_UNREACHABLE_CODE = YES;
				CLANG_WARN__DUPLICATE_METHOD_MATCH = YES;
				COPY_PHASE_STRIP = NO;
				DEBUG_INFORMATION_FORMAT = dwarf;
				ENABLE_STRICT_OBJC_MSGSEND = YES;
				ENABLE_TESTABILITY = YES;
				GCC_C_LANGUAGE_STANDARD = gnu11;
				GCC_DYNAMIC_NO_PIC = NO;
				GCC_NO_COMMON_BLOCKS = YES;
				GCC_OPTIMIZATION_LEVEL = 0;
				GCC_PREPROCESSOR_DEFINITIONS = (
					"DEBUG=1",
					"$(inherited)",
				);
				GCC_WARN_64_TO_32_BIT_CONVERSION = YES;
				GCC_WARN_ABOUT_RETURN_TYPE = YES_ERROR;
				GCC_WARN_UNDECLARED_SELECTOR = YES;
				GCC_WARN_UNINITIALIZED_AUTOS = YES_AGGRESSIVE;
				GCC_WARN_UNUSED_FUNCTION = YES;
				GCC_WARN_UNUSED_VARIABLE = YES;
				IPHONEOS_DEPLOYMENT_TARGET = 15.0;
				MTL_ENABLE_DEBUG_INFO = INCLUDE_SOURCE;
				MTL_FAST_MATH = YES;
				ONLY_ACTIVE_ARCH = YES;
				SDKROOT = iphoneos;
				SWIFT_ACTIVE_COMPILATION_CONDITIONS = DEBUG;
				SWIFT_OPTIMIZATION_LEVEL = "-Onone";
			};
			name = Debug;
		};
		F641FC4E2A1714B7001F08DE /* Release */ = {
			isa = XCBuildConfiguration;
			baseConfigurationReference = F641FC522A173541001F08DE /* APIKeys.xcconfig */;
			buildSettings = {
				ALWAYS_SEARCH_USER_PATHS = NO;
				CLANG_ANALYZER_NONNULL = YES;
				CLANG_ANALYZER_NUMBER_OBJECT_CONVERSION = YES_AGGRESSIVE;
				CLANG_CXX_LANGUAGE_STANDARD = "gnu++20";
				CLANG_ENABLE_MODULES = YES;
				CLANG_ENABLE_OBJC_ARC = YES;
				CLANG_ENABLE_OBJC_WEAK = YES;
				CLANG_WARN_BLOCK_CAPTURE_AUTORELEASING = YES;
				CLANG_WARN_BOOL_CONVERSION = YES;
				CLANG_WARN_COMMA = YES;
				CLANG_WARN_CONSTANT_CONVERSION = YES;
				CLANG_WARN_DEPRECATED_OBJC_IMPLEMENTATIONS = YES;
				CLANG_WARN_DIRECT_OBJC_ISA_USAGE = YES_ERROR;
				CLANG_WARN_DOCUMENTATION_COMMENTS = YES;
				CLANG_WARN_EMPTY_BODY = YES;
				CLANG_WARN_ENUM_CONVERSION = YES;
				CLANG_WARN_INFINITE_RECURSION = YES;
				CLANG_WARN_INT_CONVERSION = YES;
				CLANG_WARN_NON_LITERAL_NULL_CONVERSION = YES;
				CLANG_WARN_OBJC_IMPLICIT_RETAIN_SELF = YES;
				CLANG_WARN_OBJC_LITERAL_CONVERSION = YES;
				CLANG_WARN_OBJC_ROOT_CLASS = YES_ERROR;
				CLANG_WARN_QUOTED_INCLUDE_IN_FRAMEWORK_HEADER = YES;
				CLANG_WARN_RANGE_LOOP_ANALYSIS = YES;
				CLANG_WARN_STRICT_PROTOTYPES = YES;
				CLANG_WARN_SUSPICIOUS_MOVE = YES;
				CLANG_WARN_UNGUARDED_AVAILABILITY = YES_AGGRESSIVE;
				CLANG_WARN_UNREACHABLE_CODE = YES;
				CLANG_WARN__DUPLICATE_METHOD_MATCH = YES;
				COPY_PHASE_STRIP = NO;
				DEBUG_INFORMATION_FORMAT = "dwarf-with-dsym";
				ENABLE_NS_ASSERTIONS = NO;
				ENABLE_STRICT_OBJC_MSGSEND = YES;
				GCC_C_LANGUAGE_STANDARD = gnu11;
				GCC_NO_COMMON_BLOCKS = YES;
				GCC_WARN_64_TO_32_BIT_CONVERSION = YES;
				GCC_WARN_ABOUT_RETURN_TYPE = YES_ERROR;
				GCC_WARN_UNDECLARED_SELECTOR = YES;
				GCC_WARN_UNINITIALIZED_AUTOS = YES_AGGRESSIVE;
				GCC_WARN_UNUSED_FUNCTION = YES;
				GCC_WARN_UNUSED_VARIABLE = YES;
				IPHONEOS_DEPLOYMENT_TARGET = 15.0;
				MTL_ENABLE_DEBUG_INFO = NO;
				MTL_FAST_MATH = YES;
				SDKROOT = iphoneos;
				SWIFT_COMPILATION_MODE = wholemodule;
				SWIFT_OPTIMIZATION_LEVEL = "-O";
				VALIDATE_PRODUCT = YES;
			};
			name = Release;
		};
		F641FC502A1714B7001F08DE /* Debug */ = {
			isa = XCBuildConfiguration;
			baseConfigurationReference = BA45EB698BA221CFE2EE8CEE /* Pods-Parking.debug.xcconfig */;
			buildSettings = {
				ASSETCATALOG_COMPILER_APPICON_NAME = AppIcon;
				ASSETCATALOG_COMPILER_GLOBAL_ACCENT_COLOR_NAME = AccentColor;
				CODE_SIGN_STYLE = Automatic;
				CURRENT_PROJECT_VERSION = 1;
				GENERATE_INFOPLIST_FILE = YES;
				INFOPLIST_FILE = Parking/Info.plist;
				INFOPLIST_KEY_UIApplicationSupportsIndirectInputEvents = YES;
				INFOPLIST_KEY_UILaunchStoryboardName = LaunchScreen;
				INFOPLIST_KEY_UISupportedInterfaceOrientations_iPad = "UIInterfaceOrientationPortrait UIInterfaceOrientationPortraitUpsideDown UIInterfaceOrientationLandscapeLeft UIInterfaceOrientationLandscapeRight";
				INFOPLIST_KEY_UISupportedInterfaceOrientations_iPhone = "UIInterfaceOrientationPortrait UIInterfaceOrientationLandscapeLeft UIInterfaceOrientationLandscapeRight";
				IPHONEOS_DEPLOYMENT_TARGET = 15.0;
				LD_RUNPATH_SEARCH_PATHS = (
					"$(inherited)",
					"@executable_path/Frameworks",
				);
				MARKETING_VERSION = 1.0;
				PRODUCT_BUNDLE_IDENTIFIER = ooj.Parking;
				PRODUCT_NAME = "$(TARGET_NAME)";
				SWIFT_EMIT_LOC_STRINGS = YES;
				SWIFT_VERSION = 5.0;
				TARGETED_DEVICE_FAMILY = "1,2";
			};
			name = Debug;
		};
		F641FC512A1714B7001F08DE /* Release */ = {
			isa = XCBuildConfiguration;
			baseConfigurationReference = 773841A1FE2984B073A71F71 /* Pods-Parking.release.xcconfig */;
			buildSettings = {
				ASSETCATALOG_COMPILER_APPICON_NAME = AppIcon;
				ASSETCATALOG_COMPILER_GLOBAL_ACCENT_COLOR_NAME = AccentColor;
				CODE_SIGN_STYLE = Automatic;
				CURRENT_PROJECT_VERSION = 1;
				GENERATE_INFOPLIST_FILE = YES;
				INFOPLIST_FILE = Parking/Info.plist;
				INFOPLIST_KEY_UIApplicationSupportsIndirectInputEvents = YES;
				INFOPLIST_KEY_UILaunchStoryboardName = LaunchScreen;
				INFOPLIST_KEY_UISupportedInterfaceOrientations_iPad = "UIInterfaceOrientationPortrait UIInterfaceOrientationPortraitUpsideDown UIInterfaceOrientationLandscapeLeft UIInterfaceOrientationLandscapeRight";
				INFOPLIST_KEY_UISupportedInterfaceOrientations_iPhone = "UIInterfaceOrientationPortrait UIInterfaceOrientationLandscapeLeft UIInterfaceOrientationLandscapeRight";
				IPHONEOS_DEPLOYMENT_TARGET = 15.0;
				LD_RUNPATH_SEARCH_PATHS = (
					"$(inherited)",
					"@executable_path/Frameworks",
				);
				MARKETING_VERSION = 1.0;
				PRODUCT_BUNDLE_IDENTIFIER = ooj.Parking;
				PRODUCT_NAME = "$(TARGET_NAME)";
				SWIFT_EMIT_LOC_STRINGS = YES;
				SWIFT_VERSION = 5.0;
				TARGETED_DEVICE_FAMILY = "1,2";
			};
			name = Release;
		};
/* End XCBuildConfiguration section */

/* Begin XCConfigurationList section */
		F641FC362A1714B6001F08DE /* Build configuration list for PBXProject "Parking" */ = {
			isa = XCConfigurationList;
			buildConfigurations = (
				F641FC4D2A1714B7001F08DE /* Debug */,
				F641FC4E2A1714B7001F08DE /* Release */,
			);
			defaultConfigurationIsVisible = 0;
			defaultConfigurationName = Release;
		};
		F641FC4F2A1714B7001F08DE /* Build configuration list for PBXNativeTarget "Parking" */ = {
			isa = XCConfigurationList;
			buildConfigurations = (
				F641FC502A1714B7001F08DE /* Debug */,
				F641FC512A1714B7001F08DE /* Release */,
			);
			defaultConfigurationIsVisible = 0;
			defaultConfigurationName = Release;
		};
/* End XCConfigurationList section */
	};
	rootObject = F641FC332A1714B6001F08DE /* Project object */;
}
